
Microsoft Visual Studio Solution File, Format Version 12.00
# Visual Studio Version 16
VisualStudioVersion = 16.0.29324.140
MinimumVisualStudioVersion = 10.0.40219.1
Project("{FAE04EC0-301F-11D3-BF4B-00C04F79EFBC}") = "ProjectDemoAdress", "ProjectDemoAdress\ProjectDemoAdress.csproj", "{2B79E9AC-A0B9-47FB-AE79-72410DB0D6D2}"
EndProject
Global
	GlobalSection(SolutionConfigurationPlatforms) = preSolution
		Debug|Any CPU = Debug|Any CPU
		Release|Any CPU = Release|Any CPU
	EndGlobalSection
	GlobalSection(ProjectConfigurationPlatforms) = postSolution
		{2B79E9AC-A0B9-47FB-AE79-72410DB0D6D2}.Debug|Any CPU.ActiveCfg = Debug|Any CPU
		{2B79E9AC-A0B9-47FB-AE79-72410DB0D6D2}.Debug|Any CPU.Build.0 = Debug|Any CPU
		{2B79E9AC-A0B9-47FB-AE79-72410DB0D6D2}.Release|Any CPU.ActiveCfg = Release|Any CPU
		{2B79E9AC-A0B9-47FB-AE79-72410DB0D6D2}.Release|Any CPU.Build.0 = Release|Any CPU
	EndGlobalSection
	GlobalSection(SolutionProperties) = preSolution
		HideSolutionNode = FALSE
	EndGlobalSection
	GlobalSection(ExtensibilityGlobals) = postSolution
		SolutionGuid = {BEC0F15F-F4D1-42C2-92EB-B019154B0237}
	EndGlobalSection
EndGlobal
